
Microsoft Visual Studio Solution File, Format Version 12.00
# Visual Studio Version 17
VisualStudioVersion = 17.14.36414.22
MinimumVisualStudioVersion = 10.0.40219.1
Project("{FAE04EC0-301F-11D3-BF4B-00C04F79EFBC}") = "BlogSharp2025.DataAccessLibrary", "BlogSharp2025.DataAccessLibrary\BlogSharp2025.DataAccessLibrary.csproj", "{2F9F4CFC-19BA-432E-B50D-D40C9AD8B617}"
EndProject
Project("{FAE04EC0-301F-11D3-BF4B-00C04F79EFBC}") = "BlogSharp2025.Test", "BlogSharp2025.Test\BlogSharp2025.Test.csproj", "{B36B27A3-2E01-4AF2-915A-2D0A60C321B6}"
EndProject
Project("{FAE04EC0-301F-11D3-BF4B-00C04F79EFBC}") = "BlogSharp2025.Api", "BlogSharp2025.Api\BlogSharp2025.Api.csproj", "{93B6FCB8-CEAB-4CE8-AEC9-0FBC1BA7490B}"
EndProject
Project("{FAE04EC0-301F-11D3-BF4B-00C04F79EFBC}") = "BlogSharp2025.ApiClient", "BlogSharp2025.ApiClient\BlogSharp2025.ApiClient.csproj", "{A67464F0-BEBF-470F-85EB-77D3678EF6AF}"
EndProject
Project("{FAE04EC0-301F-11D3-BF4B-00C04F79EFBC}") = "BlogSharp2025.ApiClientTester", "BlogSharp2025.ApiClientTester\BlogSharp2025.ApiClientTester.csproj", "{AA837F58-6CC5-428B-8B32-FBE0EE3E3097}"
EndProject
Project("{FAE04EC0-301F-11D3-BF4B-00C04F79EFBC}") = "BlogSharp2025.Website", "BlogSharp2025.Website\BlogSharp2025.Website.csproj", "{59D00CE2-3583-4B39-909A-787791EEA12A}"
EndProject
Project("{FAE04EC0-301F-11D3-BF4B-00C04F79EFBC}") = "BlogSharp2025.WinFormsApp", "BlogSharp2025.WinFormsApp\BlogSharp2025.WinFormsApp.csproj", "{781D928B-32F1-4A66-8160-CD653D8CC486}"
EndProject
Global
	GlobalSection(SolutionConfigurationPlatforms) = preSolution
		Debug|Any CPU = Debug|Any CPU
		Release|Any CPU = Release|Any CPU
	EndGlobalSection
	GlobalSection(ProjectConfigurationPlatforms) = postSolution
		{2F9F4CFC-19BA-432E-B50D-D40C9AD8B617}.Debug|Any CPU.ActiveCfg = Debug|Any CPU
		{2F9F4CFC-19BA-432E-B50D-D40C9AD8B617}.Debug|Any CPU.Build.0 = Debug|Any CPU
		{2F9F4CFC-19BA-432E-B50D-D40C9AD8B617}.Release|Any CPU.ActiveCfg = Release|Any CPU
		{2F9F4CFC-19BA-432E-B50D-D40C9AD8B617}.Release|Any CPU.Build.0 = Release|Any CPU
		{B36B27A3-2E01-4AF2-915A-2D0A60C321B6}.Debug|Any CPU.ActiveCfg = Debug|Any CPU
		{B36B27A3-2E01-4AF2-915A-2D0A60C321B6}.Debug|Any CPU.Build.0 = Debug|Any CPU
		{B36B27A3-2E01-4AF2-915A-2D0A60C321B6}.Release|Any CPU.ActiveCfg = Release|Any CPU
		{B36B27A3-2E01-4AF2-915A-2D0A60C321B6}.Release|Any CPU.Build.0 = Release|Any CPU
		{93B6FCB8-CEAB-4CE8-AEC9-0FBC1BA7490B}.Debug|Any CPU.ActiveCfg = Debug|Any CPU
		{93B6FCB8-CEAB-4CE8-AEC9-0FBC1BA7490B}.Debug|Any CPU.Build.0 = Debug|Any CPU
		{93B6FCB8-CEAB-4CE8-AEC9-0FBC1BA7490B}.Release|Any CPU.ActiveCfg = Release|Any CPU
		{93B6FCB8-CEAB-4CE8-AEC9-0FBC1BA7490B}.Release|Any CPU.Build.0 = Release|Any CPU
		{A67464F0-BEBF-470F-85EB-77D3678EF6AF}.Debug|Any CPU.ActiveCfg = Debug|Any CPU
		{A67464F0-BEBF-470F-85EB-77D3678EF6AF}.Debug|Any CPU.Build.0 = Debug|Any CPU
		{A67464F0-BEBF-470F-85EB-77D3678EF6AF}.Release|Any CPU.ActiveCfg = Release|Any CPU
		{A67464F0-BEBF-470F-85EB-77D3678EF6AF}.Release|Any CPU.Build.0 = Release|Any CPU
		{AA837F58-6CC5-428B-8B32-FBE0EE3E3097}.Debug|Any CPU.ActiveCfg = Debug|Any CPU
		{AA837F58-6CC5-428B-8B32-FBE0EE3E3097}.Debug|Any CPU.Build.0 = Debug|Any CPU
		{AA837F58-6CC5-428B-8B32-FBE0EE3E3097}.Release|Any CPU.ActiveCfg = Release|Any CPU
		{AA837F58-6CC5-428B-8B32-FBE0EE3E3097}.Release|Any CPU.Build.0 = Release|Any CPU
		{59D00CE2-3583-4B39-909A-787791EEA12A}.Debug|Any CPU.ActiveCfg = Debug|Any CPU
		{59D00CE2-3583-4B39-909A-787791EEA12A}.Debug|Any CPU.Build.0 = Debug|Any CPU
		{59D00CE2-3583-4B39-909A-787791EEA12A}.Release|Any CPU.ActiveCfg = Release|Any CPU
		{59D00CE2-3583-4B39-909A-787791EEA12A}.Release|Any CPU.Build.0 = Release|Any CPU
		{781D928B-32F1-4A66-8160-CD653D8CC486}.Debug|Any CPU.ActiveCfg = Debug|Any CPU
		{781D928B-32F1-4A66-8160-CD653D8CC486}.Debug|Any CPU.Build.0 = Debug|Any CPU
		{781D928B-32F1-4A66-8160-CD653D8CC486}.Release|Any CPU.ActiveCfg = Release|Any CPU
		{781D928B-32F1-4A66-8160-CD653D8CC486}.Release|Any CPU.Build.0 = Release|Any CPU
	EndGlobalSection
	GlobalSection(SolutionProperties) = preSolution
		HideSolutionNode = FALSE
	EndGlobalSection
	GlobalSection(ExtensibilityGlobals) = postSolution
		SolutionGuid = {2DAD19F4-3D43-4DCB-9F23-EC75D65CE117}
	EndGlobalSection
EndGlobal
